// !$*UTF8*$!
{
	archiveVersion = 1;
	classes = {
	};
	objectVersion = 46;
	objects = {

/* Begin PBXBuildFile section */
		84180C8C1A909D7600252AF1 /* main.m in Sources */ = {isa = PBXBuildFile; fileRef = 84180C8B1A909D7600252AF1 /* main.m */; };
		84180C8F1A909D7600252AF1 /* AppDelegate.m in Sources */ = {isa = PBXBuildFile; fileRef = 84180C8E1A909D7600252AF1 /* AppDelegate.m */; };
		84180C921A909D7600252AF1 /* MultiThreadingExamples.xcdatamodeld in Sources */ = {isa = PBXBuildFile; fileRef = 84180C901A909D7600252AF1 /* MultiThreadingExamples.xcdatamodeld */; };
		84180C951A909D7600252AF1 /* ViewController.m in Sources */ = {isa = PBXBuildFile; fileRef = 84180C941A909D7600252AF1 /* ViewController.m */; };
		84180C981A909D7600252AF1 /* Main.storyboard in Resources */ = {isa = PBXBuildFile; fileRef = 84180C961A909D7600252AF1 /* Main.storyboard */; };
		84180C9A1A909D7600252AF1 /* Images.xcassets in Resources */ = {isa = PBXBuildFile; fileRef = 84180C991A909D7600252AF1 /* Images.xcassets */; };
		84180C9D1A909D7600252AF1 /* LaunchScreen.xib in Resources */ = {isa = PBXBuildFile; fileRef = 84180C9B1A909D7600252AF1 /* LaunchScreen.xib */; };
		84180CA91A909D7600252AF1 /* MultiThreadingExamplesTests.m in Sources */ = {isa = PBXBuildFile; fileRef = 84180CA81A909D7600252AF1 /* MultiThreadingExamplesTests.m */; };
/* End PBXBuildFile section */

/* Begin PBXContainerItemProxy section */
		84180CA31A909D7600252AF1 /* PBXContainerItemProxy */ = {
			isa = PBXContainerItemProxy;
			containerPortal = 84180C7E1A909D7500252AF1 /* Project object */;
			proxyType = 1;
			remoteGlobalIDString = 84180C851A909D7600252AF1;
			remoteInfo = MultiThreadingExamples;
		};
/* End PBXContainerItemProxy section */

/* Begin PBXFileReference section */
		84180C861A909D7600252AF1 /* MultiThreadingExamples.app */ = {isa = PBXFileReference; explicitFileType = wrapper.application; includeInIndex = 0; path = MultiThreadingExamples.app; sourceTree = BUILT_PRODUCTS_DIR; };
		84180C8A1A909D7600252AF1 /* Info.plist */ = {isa = PBXFileReference; lastKnownFileType = text.plist.xml; path = Info.plist; sourceTree = "<group>"; };
		84180C8B1A909D7600252AF1 /* main.m */ = {isa = PBXFileReference; lastKnownFileType = sourcecode.c.objc; path = main.m; sourceTree = "<group>"; };
		84180C8D1A909D7600252AF1 /* AppDelegate.h */ = {isa = PBXFileReference; lastKnownFileType = sourcecode.c.h; path = AppDelegate.h; sourceTree = "<group>"; };
		84180C8E1A909D7600252AF1 /* AppDelegate.m */ = {isa = PBXFileReference; lastKnownFileType = sourcecode.c.objc; path = AppDelegate.m; sourceTree = "<group>"; };
		84180C911A909D7600252AF1 /* MultiThreadingExamples.xcdatamodel */ = {isa = PBXFileReference; lastKnownFileType = wrapper.xcdatamodel; path = MultiThreadingExamples.xcdatamodel; sourceTree = "<group>"; };
		84180C931A909D7600252AF1 /* ViewController.h */ = {isa = PBXFileReference; lastKnownFileType = sourcecode.c.h; path = ViewController.h; sourceTree = "<group>"; };
		84180C941A909D7600252AF1 /* ViewController.m */ = {isa = PBXFileReference; lastKnownFileType = sourcecode.c.objc; path = ViewController.m; sourceTree = "<group>"; };
		84180C971A909D7600252AF1 /* Base */ = {isa = PBXFileReference; lastKnownFileType = file.storyboard; name = Base; path = Base.lproj/Main.storyboard; sourceTree = "<group>"; };
		84180C991A909D7600252AF1 /* Images.xcassets */ = {isa = PBXFileReference; lastKnownFileType = folder.assetcatalog; path = Images.xcassets; sourceTree = "<group>"; };
		84180C9C1A909D7600252AF1 /* Base */ = {isa = PBXFileReference; lastKnownFileType = file.xib; name = Base; path = Base.lproj/LaunchScreen.xib; sourceTree = "<group>"; };
		84180CA21A909D7600252AF1 /* MultiThreadingExamplesTests.xctest */ = {isa = PBXFileReference; explicitFileType = wrapper.cfbundle; includeInIndex = 0; path = MultiThreadingExamplesTests.xctest; sourceTree = BUILT_PRODUCTS_DIR; };
		84180CA71A909D7600252AF1 /* Info.plist */ = {isa = PBXFileReference; lastKnownFileType = text.plist.xml; path = Info.plist; sourceTree = "<group>"; };
		84180CA81A909D7600252AF1 /* MultiThreadingExamplesTests.m */ = {isa = PBXFileReference; lastKnownFileType = sourcecode.c.objc; path = MultiThreadingExamplesTests.m; sourceTree = "<group>"; };
/* End PBXFileReference section */

/* Begin PBXFrameworksBuildPhase section */
		84180C831A909D7600252AF1 /* Frameworks */ = {
			isa = PBXFrameworksBuildPhase;
			buildActionMask = 2147483647;
			files = (
			);
			runOnlyForDeploymentPostprocessing = 0;
		};
		84180C9F1A909D7600252AF1 /* Frameworks */ = {
			isa = PBXFrameworksBuildPhase;
			buildActionMask = 2147483647;
			files = (
			);
			runOnlyForDeploymentPostprocessing = 0;
		};
/* End PBXFrameworksBuildPhase section */

/* Begin PBXGroup section */
		84180C7D1A909D7500252AF1 = {
			isa = PBXGroup;
			children = (
				84180C881A909D7600252AF1 /* MultiThreadingExamples */,
				84180CA51A909D7600252AF1 /* MultiThreadingExamplesTests */,
				84180C871A909D7600252AF1 /* Products */,
			);
			sourceTree = "<group>";
		};
		84180C871A909D7600252AF1 /* Products */ = {
			isa = PBXGroup;
			children = (
				84180C861A909D7600252AF1 /* MultiThreadingExamples.app */,
				84180CA21A909D7600252AF1 /* MultiThreadingExamplesTests.xctest */,
			);
			name = Products;
			sourceTree = "<group>";
		};
		84180C881A909D7600252AF1 /* MultiThreadingExamples */ = {
			isa = PBXGroup;
			children = (
				84180C8D1A909D7600252AF1 /* AppDelegate.h */,
				84180C8E1A909D7600252AF1 /* AppDelegate.m */,
				84180C931A909D7600252AF1 /* ViewController.h */,
				84180C941A909D7600252AF1 /* ViewController.m */,
				84180C961A909D7600252AF1 /* Main.storyboard */,
				84180C991A909D7600252AF1 /* Images.xcassets */,
				84180C9B1A909D7600252AF1 /* LaunchScreen.xib */,
				84180C901A909D7600252AF1 /* MultiThreadingExamples.xcdatamodeld */,
				84180C891A909D7600252AF1 /* Supporting Files */,
			);
			path = MultiThreadingExamples;
			sourceTree = "<group>";
		};
		84180C891A909D7600252AF1 /* Supporting Files */ = {
			isa = PBXGroup;
			children = (
				84180C8A1A909D7600252AF1 /* Info.plist */,
				84180C8B1A909D7600252AF1 /* main.m */,
			);
			name = "Supporting Files";
			sourceTree = "<group>";
		};
		84180CA51A909D7600252AF1 /* MultiThreadingExamplesTests */ = {
			isa = PBXGroup;
			children = (
				84180CA81A909D7600252AF1 /* MultiThreadingExamplesTests.m */,
				84180CA61A909D7600252AF1 /* Supporting Files */,
			);
			path = MultiThreadingExamplesTests;
			sourceTree = "<group>";
		};
		84180CA61A909D7600252AF1 /* Supporting Files */ = {
			isa = PBXGroup;
			children = (
				84180CA71A909D7600252AF1 /* Info.plist */,
			);
			name = "Supporting Files";
			sourceTree = "<group>";
		};
/* End PBXGroup section */

/* Begin PBXNativeTarget section */
		84180C851A909D7600252AF1 /* MultiThreadingExamples */ = {
			isa = PBXNativeTarget;
			buildConfigurationList = 84180CAC1A909D7600252AF1 /* Build configuration list for PBXNativeTarget "MultiThreadingExamples" */;
			buildPhases = (
				84180C821A909D7600252AF1 /* Sources */,
				84180C831A909D7600252AF1 /* Frameworks */,
				84180C841A909D7600252AF1 /* Resources */,
			);
			buildRules = (
			);
			dependencies = (
			);
			name = MultiThreadingExamples;
			productName = MultiThreadingExamples;
			productReference = 84180C861A909D7600252AF1 /* MultiThreadingExamples.app */;
			productType = "com.apple.product-type.application";
		};
		84180CA11A909D7600252AF1 /* MultiThreadingExamplesTests */ = {
			isa = PBXNativeTarget;
			buildConfigurationList = 84180CAF1A909D7600252AF1 /* Build configuration list for PBXNativeTarget "MultiThreadingExamplesTests" */;
			buildPhases = (
				84180C9E1A909D7600252AF1 /* Sources */,
				84180C9F1A909D7600252AF1 /* Frameworks */,
				84180CA01A909D7600252AF1 /* Resources */,
			);
			buildRules = (
			);
			dependencies = (
				84180CA41A909D7600252AF1 /* PBXTargetDependency */,
			);
			name = MultiThreadingExamplesTests;
			productName = MultiThreadingExamplesTests;
			productReference = 84180CA21A909D7600252AF1 /* MultiThreadingExamplesTests.xctest */;
			productType = "com.apple.product-type.bundle.unit-test";
		};
/* End PBXNativeTarget section */

/* Begin PBXProject section */
		84180C7E1A909D7500252AF1 /* Project object */ = {
			isa = PBXProject;
			attributes = {
				LastUpgradeCheck = 0610;
				ORGANIZATIONNAME = "Erick Bennett";
				TargetAttributes = {
					84180C851A909D7600252AF1 = {
						CreatedOnToolsVersion = 6.1.1;
					};
					84180CA11A909D7600252AF1 = {
						CreatedOnToolsVersion = 6.1.1;
						TestTargetID = 84180C851A909D7600252AF1;
					};
				};
			};
			buildConfigurationList = 84180C811A909D7500252AF1 /* Build configuration list for PBXProject "MultiThreadingExamples" */;
			compatibilityVersion = "Xcode 3.2";
			developmentRegion = English;
			hasScannedForEncodings = 0;
			knownRegions = (
				en,
				Base,
			);
			mainGroup = 84180C7D1A909D7500252AF1;
			productRefGroup = 84180C871A909D7600252AF1 /* Products */;
			projectDirPath = "";
			projectRoot = "";
			targets = (
				84180C851A909D7600252AF1 /* MultiThreadingExamples */,
				84180CA11A909D7600252AF1 /* MultiThreadingExamplesTests */,
			);
		};
/* End PBXProject section */

/* Begin PBXResourcesBuildPhase section */
		84180C841A909D7600252AF1 /* Resources */ = {
			isa = PBXResourcesBuildPhase;
			buildActionMask = 2147483647;
			files = (
				84180C981A909D7600252AF1 /* Main.storyboard in Resources */,
				84180C9D1A909D7600252AF1 /* LaunchScreen.xib in Resources */,
				84180C9A1A909D7600252AF1 /* Images.xcassets in Resources */,
			);
			runOnlyForDeploymentPostprocessing = 0;
		};
		84180CA01A909D7600252AF1 /* Resources */ = {
			isa = PBXResourcesBuildPhase;
			buildActionMask = 2147483647;
			files = (
			);
			runOnlyForDeploymentPostprocessing = 0;
		};
/* End PBXResourcesBuildPhase section */

/* Begin PBXSourcesBuildPhase section */
		84180C821A909D7600252AF1 /* Sources */ = {
			isa = PBXSourcesBuildPhase;
			buildActionMask = 2147483647;
			files = (
				84180C921A909D7600252AF1 /* MultiThreadingExamples.xcdatamodeld in Sources */,
				84180C8F1A909D7600252AF1 /* AppDelegate.m in Sources */,
				84180C951A909D7600252AF1 /* ViewController.m in Sources */,
				84180C8C1A909D7600252AF1 /* main.m in Sources */,
			);
			runOnlyForDeploymentPostprocessing = 0;
		};
		84180C9E1A909D7600252AF1 /* Sources */ = {
			isa = PBXSourcesBuildPhase;
			buildActionMask = 2147483647;
			files = (
				84180CA91A909D7600252AF1 /* MultiThreadingExamplesTests.m in Sources */,
			);
			runOnlyForDeploymentPostprocessing = 0;
		};
/* End PBXSourcesBuildPhase section */

/* Begin PBXTargetDependency section */
		84180CA41A909D7600252AF1 /* PBXTargetDependency */ = {
			isa = PBXTargetDependency;
			target = 84180C851A909D7600252AF1 /* MultiThreadingExamples */;
			targetProxy = 84180CA31A909D7600252AF1 /* PBXContainerItemProxy */;
		};
/* End PBXTargetDependency section */

/* Begin PBXVariantGroup section */
		84180C961A909D7600252AF1 /* Main.storyboard */ = {
			isa = PBXVariantGroup;
			children = (
				84180C971A909D7600252AF1 /* Base */,
			);
			name = Main.storyboard;
			sourceTree = "<group>";
		};
		84180C9B1A909D7600252AF1 /* LaunchScreen.xib */ = {
			isa = PBXVariantGroup;
			children = (
				84180C9C1A909D7600252AF1 /* Base */,
			);
			name = LaunchScreen.xib;
			sourceTree = "<group>";
		};
/* End PBXVariantGroup section */

/* Begin XCBuildConfiguration section */
		84180CAA1A909D7600252AF1 /* Debug */ = {
			isa = XCBuildConfiguration;
			buildSettings = {
				ALWAYS_SEARCH_USER_PATHS = NO;
				CLANG_CXX_LANGUAGE_STANDARD = "gnu++0x";
				CLANG_CXX_LIBRARY = "libc++";
				CLANG_ENABLE_MODULES = YES;
				CLANG_ENABLE_OBJC_ARC = YES;
				CLANG_WARN_BOOL_CONVERSION = YES;
				CLANG_WARN_CONSTANT_CONVERSION = YES;
				CLANG_WARN_DIRECT_OBJC_ISA_USAGE = YES_ERROR;
				CLANG_WARN_EMPTY_BODY = YES;
				CLANG_WARN_ENUM_CONVERSION = YES;
				CLANG_WARN_INT_CONVERSION = YES;
				CLANG_WARN_OBJC_ROOT_CLASS = YES_ERROR;
				CLANG_WARN_UNREACHABLE_CODE = YES;
				CLANG_WARN__DUPLICATE_METHOD_MATCH = YES;
				"CODE_SIGN_IDENTITY[sdk=iphoneos*]" = "iPhone Developer";
				COPY_PHASE_STRIP = NO;
				ENABLE_STRICT_OBJC_MSGSEND = YES;
				GCC_C_LANGUAGE_STANDARD = gnu99;
				GCC_DYNAMIC_NO_PIC = NO;
				GCC_OPTIMIZATION_LEVEL = 0;
				GCC_PREPROCESSOR_DEFINITIONS = (
					"DEBUG=1",
					"$(inherited)",
				);
				GCC_SYMBOLS_PRIVATE_EXTERN = NO;
				GCC_WARN_64_TO_32_BIT_CONVERSION = YES;
				GCC_WARN_ABOUT_RETURN_TYPE = YES_ERROR;
				GCC_WARN_UNDECLARED_SELECTOR = YES;
				GCC_WARN_UNINITIALIZED_AUTOS = YES_AGGRESSIVE;
				GCC_WARN_UNUSED_FUNCTION = YES;
				GCC_WARN_UNUSED_VARIABLE = YES;
				IPHONEOS_DEPLOYMENT_TARGET = 8.1;
				MTL_ENABLE_DEBUG_INFO = YES;
				ONLY_ACTIVE_ARCH = YES;
				SDKROOT = iphoneos;
			};
			name = Debug;
		};
		84180CAB1A909D7600252AF1 /* Release */ = {
			isa = XCBuildConfiguration;
			buildSettings = {
				ALWAYS_SEARCH_USER_PATHS = NO;
				CLANG_CXX_LANGUAGE_STANDARD = "gnu++0x";
				CLANG_CXX_LIBRARY = "libc++";
				CLANG_ENABLE_MODULES = YES;
				CLANG_ENABLE_OBJC_ARC = YES;
				CLANG_WARN_BOOL_CONVERSION = YES;
				CLANG_WARN_CONSTANT_CONVERSION = YES;
				CLANG_WARN_DIRECT_OBJC_ISA_USAGE = YES_ERROR;
				CLANG_WARN_EMPTY_BODY = YES;
				CLANG_WARN_ENUM_CONVERSION = YES;
				CLANG_WARN_INT_CONVERSION = YES;
				CLANG_WARN_OBJC_ROOT_CLASS = YES_ERROR;
				CLANG_WARN_UNREACHABLE_CODE = YES;
				CLANG_WARN__DUPLICATE_METHOD_MATCH = YES;
				"CODE_SIGN_IDENTITY[sdk=iphoneos*]" = "iPhone Developer";
				COPY_PHASE_STRIP = YES;
				ENABLE_NS_ASSERTIONS = NO;
				ENABLE_STRICT_OBJC_MSGSEND = YES;
				GCC_C_LANGUAGE_STANDARD = gnu99;
				GCC_WARN_64_TO_32_BIT_CONVERSION = YES;
				GCC_WARN_ABOUT_RETURN_TYPE = YES_ERROR;
				GCC_WARN_UNDECLARED_SELECTOR = YES;
				GCC_WARN_UNINITIALIZED_AUTOS = YES_AGGRESSIVE;
				GCC_WARN_UNUSED_FUNCTION = YES;
				GCC_WARN_UNUSED_VARIABLE = YES;
				IPHONEOS_DEPLOYMENT_TARGET = 8.1;
				MTL_ENABLE_DEBUG_INFO = NO;
				SDKROOT = iphoneos;
				VALIDATE_PRODUCT = YES;
			};
			name = Release;
		};
		84180CAD1A909D7600252AF1 /* Debug */ = {
			isa = XCBuildConfiguration;
			buildSettings = {
				ASSETCATALOG_COMPILER_APPICON_NAME = AppIcon;
				INFOPLIST_FILE = MultiThreadingExamples/Info.plist;
				LD_RUNPATH_SEARCH_PATHS = "$(inherited) @executable_path/Frameworks";
				PRODUCT_NAME = "$(TARGET_NAME)";
			};
			name = Debug;
		};
		84180CAE1A909D7600252AF1 /* Release */ = {
			isa = XCBuildConfiguration;
			buildSettings = {
				ASSETCATALOG_COMPILER_APPICON_NAME = AppIcon;
				INFOPLIST_FILE = MultiThreadingExamples/Info.plist;
				LD_RUNPATH_SEARCH_PATHS = "$(inherited) @executable_path/Frameworks";
				PRODUCT_NAME = "$(TARGET_NAME)";
			};
			name = Release;
		};
		84180CB01A909D7600252AF1 /* Debug */ = {
			isa = XCBuildConfiguration;
			buildSettings = {
				BUNDLE_LOADER = "$(TEST_HOST)";
				FRAMEWORK_SEARCH_PATHS = (
					"$(SDKROOT)/Developer/Library/Frameworks",
					"$(inherited)",
				);
				GCC_PREPROCESSOR_DEFINITIONS = (
					"DEBUG=1",
					"$(inherited)",
				);
				INFOPLIST_FILE = MultiThreadingExamplesTests/Info.plist;
				LD_RUNPATH_SEARCH_PATHS = "$(inherited) @executable_path/Frameworks @loader_path/Frameworks";
				PRODUCT_NAME = "$(TARGET_NAME)";
				TEST_HOST = "$(BUILT_PRODUCTS_DIR)/MultiThreadingExamples.app/MultiThreadingExamples";
			};
			name = Debug;
		};
		84180CB11A909D7600252AF1 /* Release */ = {
			isa = XCBuildConfiguration;
			buildSettings = {
				BUNDLE_LOADER = "$(TEST_HOST)";
				FRAMEWORK_SEARCH_PATHS = (
					"$(SDKROOT)/Developer/Library/Frameworks",
					"$(inherited)",
				);
				INFOPLIST_FILE = MultiThreadingExamplesTests/Info.plist;
				LD_RUNPATH_SEARCH_PATHS = "$(inherited) @executable_path/Frameworks @loader_path/Frameworks";
				PRODUCT_NAME = "$(TARGET_NAME)";
				TEST_HOST = "$(BUILT_PRODUCTS_DIR)/MultiThreadingExamples.app/MultiThreadingExamples";
			};
			name = Release;
		};
/* End XCBuildConfiguration section */

/* Begin XCConfigurationList section */
		84180C811A909D7500252AF1 /* Build configuration list for PBXProject "MultiThreadingExamples" */ = {
			isa = XCConfigurationList;
			buildConfigurations = (
				84180CAA1A909D7600252AF1 /* Debug */,
				84180CAB1A909D7600252AF1 /* Release */,
			);
			defaultConfigurationIsVisible = 0;
			defaultConfigurationName = Release;
		};
		84180CAC1A909D7600252AF1 /* Build configuration list for PBXNativeTarget "MultiThreadingExamples" */ = {
			isa = XCConfigurationList;
			buildConfigurations = (
				84180CAD1A909D7600252AF1 /* Debug */,
				84180CAE1A909D7600252AF1 /* Release */,
			);
			defaultConfigurationIsVisible = 0;
		};
		84180CAF1A909D7600252AF1 /* Build configuration list for PBXNativeTarget "MultiThreadingExamplesTests" */ = {
			isa = XCConfigurationList;
			buildConfigurations = (
				84180CB01A909D7600252AF1 /* Debug */,
				84180CB11A909D7600252AF1 /* Release */,
			);
			defaultConfigurationIsVisible = 0;
		};
/* End XCConfigurationList section */

/* Begin XCVersionGroup section */
		84180C901A909D7600252AF1 /* MultiThreadingExamples.xcdatamodeld */ = {
			isa = XCVersionGroup;
			children = (
				84180C911A909D7600252AF1 /* MultiThreadingExamples.xcdatamodel */,
			);
			currentVersion = 84180C911A909D7600252AF1 /* MultiThreadingExamples.xcdatamodel */;
			path = MultiThreadingExamples.xcdatamodeld;
			sourceTree = "<group>";
			versionGroupType = wrapper.xcdatamodel;
		};
/* End XCVersionGroup section */
	};
	rootObject = 84180C7E1A909D7500252AF1 /* Project object */;
}
